// !$*UTF8*$!
{
	archiveVersion = 1;
	classes = {
	};
	objectVersion = 56;
	objects = {

/* Begin PBXBuildFile section */
		01924984A06D4575DB88D910 /* LocationPinView.swift in Sources */ = {isa = PBXBuildFile; fileRef = 738EE1B44B38DE88B8F24A83 /* LocationPinView.swift */; };
		020839FA5B7135A6BEA508F9 /* EaterProfileView.swift in Sources */ = {isa = PBXBuildFile; fileRef = 174BC83D87359B4E38017AF3 /* EaterProfileView.swift */; };
		034FECABAC7FAC210EA7ED9E /* MenuItem.swift in Sources */ = {isa = PBXBuildFile; fileRef = F86BDF5D63013D2CA786190C /* MenuItem.swift */; };
		03D1C17D6CF141004ACC6369 /* SubscriptionTier.swift in Sources */ = {isa = PBXBuildFile; fileRef = 55E65CEA86A82110A676D76D /* SubscriptionTier.swift */; };
		191EDB8ABC57B3107A4FD5FA /* SubscriptionView.swift in Sources */ = {isa = PBXBuildFile; fileRef = BA746F7EB2161AF6BDE8F040 /* SubscriptionView.swift */; };
		1D8D9A5F2F780E8400428737 /* APIError.swift in Sources */ = {isa = PBXBuildFile; fileRef = 1D8D9A5E2F780E8400428737 /* APIError.swift */; };
		1D8D9A612F780E9900428737 /* APIEndpoints.swift in Sources */ = {isa = PBXBuildFile; fileRef = 1D8D9A602F780E9900428737 /* APIEndpoints.swift */; };
		1D8D9A632F780EA000428737 /* APIModels.swift in Sources */ = {isa = PBXBuildFile; fileRef = 1D8D9A622F780EA000428737 /* APIModels.swift */; };
		1D8D9A652F780EAD00428737 /* APIClient.swift in Sources */ = {isa = PBXBuildFile; fileRef = 1D8D9A642F780EAD00428737 /* APIClient.swift */; };
		1D8D9A672F780EB700428737 /* AuthService.swift in Sources */ = {isa = PBXBuildFile; fileRef = 1D8D9A662F780EB700428737 /* AuthService.swift */; };
		1D8D9A692F780EBC00428737 /* UserService.swift in Sources */ = {isa = PBXBuildFile; fileRef = 1D8D9A682F780EBC00428737 /* UserService.swift */; };
		1D8D9A6B2F780EC500428737 /* TruckService.swift in Sources */ = {isa = PBXBuildFile; fileRef = 1D8D9A6A2F780EC500428737 /* TruckService.swift */; };
		1D8D9A6D2F780ED300428737 /* ReviewService.swift in Sources */ = {isa = PBXBuildFile; fileRef = 1D8D9A6C2F780ED300428737 /* ReviewService.swift */; };
		1D8D9A6F2F780ED900428737 /* FavoriteService.swift in Sources */ = {isa = PBXBuildFile; fileRef = 1D8D9A6E2F780ED900428737 /* FavoriteService.swift */; };
		1D8D9A712F780EFA00428737 /* BackendUsageExampleView.swift in Sources */ = {isa = PBXBuildFile; fileRef = 1D8D9A702F780EFA00428737 /* BackendUsageExampleView.swift */; };
		1D8D9A732F780F2200428737 /* BACKEND_README.md in Resources */ = {isa = PBXBuildFile; fileRef = 1D8D9A722F780F2200428737 /* BACKEND_README.md */; };
		1D8D9A752F780F2A00428737 /* APIConfiguration.swift in Sources */ = {isa = PBXBuildFile; fileRef = 1D8D9A742F780F2A00428737 /* APIConfiguration.swift */; };
		1D8D9A772F780F5A00428737 /* BACKEND_SUMMARY.md in Resources */ = {isa = PBXBuildFile; fileRef = 1D8D9A762F780F5A00428737 /* BACKEND_SUMMARY.md */; };
		1D8D9A792F780F7500428737 /* MockAPIClient.swift in Sources */ = {isa = PBXBuildFile; fileRef = 1D8D9A782F780F7500428737 /* MockAPIClient.swift */; };
		1D8D9A7B2F780F9500428737 /* ARCHITECTURE.md in Resources */ = {isa = PBXBuildFile; fileRef = 1D8D9A7A2F780F9500428737 /* ARCHITECTURE.md */; };
		1D8D9A7D2F780FA400428737 /* NetworkMonitor.swift in Sources */ = {isa = PBXBuildFile; fileRef = 1D8D9A7C2F780FA400428737 /* NetworkMonitor.swift */; };
		1D8D9A7F2F780FCA00428737 /* BACKEND_CHECKLIST.md in Resources */ = {isa = PBXBuildFile; fileRef = 1D8D9A7E2F780FCA00428737 /* BACKEND_CHECKLIST.md */; };
		2669841342330A7BD42FCF95 /* SocialLinksView.swift in Sources */ = {isa = PBXBuildFile; fileRef = 9B23FCE576F6B2454112D5A1 /* SocialLinksView.swift */; };
		2FF433190ECD7D6198AAFC21 /* DirectionsButton.swift in Sources */ = {isa = PBXBuildFile; fileRef = EA3DB4E1CF15A797342445A2 /* DirectionsButton.swift */; };
		32D06D2A055EA71ED5FD69B4 /* CuisineType.swift in Sources */ = {isa = PBXBuildFile; fileRef = 8ADD863B2053383EB8F75950 /* CuisineType.swift */; };
		3976BF311BB357ABE4A88BD7 /* TruckMiniMapView.swift in Sources */ = {isa = PBXBuildFile; fileRef = D251FCDBE5E30D2EF675818C /* TruckMiniMapView.swift */; };
		3C70559279F2A788A5CC0568 /* OwnerDashboardView.swift in Sources */ = {isa = PBXBuildFile; fileRef = 4CECE7F3DA525331F5277C2F /* OwnerDashboardView.swift */; };
		401ED86A620AB66AB9D85F30 /* TruckDetailView.swift in Sources */ = {isa = PBXBuildFile; fileRef = DC758820178A878420C0CECC /* TruckDetailView.swift */; };
		44331293851BFADA1CFFA70C /* EaterTabView.swift in Sources */ = {isa = PBXBuildFile; fileRef = 05AACF5D8EFF49470341B2AC /* EaterTabView.swift */; };
		4888A618F8E9BEC78EA6F407 /* BadgeView.swift in Sources */ = {isa = PBXBuildFile; fileRef = 28CF0A10448B71E1A8FC5DCB /* BadgeView.swift */; };
		4C2AACFE0CA4BB682C7487B2 /* CouponsSectionView.swift in Sources */ = {isa = PBXBuildFile; fileRef = 19D84ABF71A75BAE8712295D /* CouponsSectionView.swift */; };
		51A76665C05031D5D53C8855 /* MenuSectionView.swift in Sources */ = {isa = PBXBuildFile; fileRef = 37E98F54956BB7D9CA5D6EA4 /* MenuSectionView.swift */; };
		5643EC2AACCB5DC922B78E10 /* Review.swift in Sources */ = {isa = PBXBuildFile; fileRef = EA7B9FCA3D566187D08A9BF6 /* Review.swift */; };
		593774835164998CBAC33C8F /* TruckCardView.swift in Sources */ = {isa = PBXBuildFile; fileRef = 86304720524620573895448B /* TruckCardView.swift */; };
		61AB36B9502C020ADF308CD6 /* SampleData.swift in Sources */ = {isa = PBXBuildFile; fileRef = 9A00B48B6774C5A9FDD063F2 /* SampleData.swift */; };
		6A728C1A2588AAE4120E6E25 /* LoginView.swift in Sources */ = {isa = PBXBuildFile; fileRef = BAD5D72CA9BB29A2FFDDF0C9 /* LoginView.swift */; };
		6BB887AD06568CCAC60F320A /* RatingStarsView.swift in Sources */ = {isa = PBXBuildFile; fileRef = E156058CC4DA348BB21DE043 /* RatingStarsView.swift */; };
		714DF16097E047FBEE612181 /* RoleSelectionView.swift in Sources */ = {isa = PBXBuildFile; fileRef = E3A6B38BB2317227C18DD04A /* RoleSelectionView.swift */; };
		792AFA92F080658FE50C5486 /* AuthGateView.swift in Sources */ = {isa = PBXBuildFile; fileRef = B1A6ACFA2A91F1ADC66B3470 /* AuthGateView.swift */; };
		7BADA8AE94AEBC21BEE3731F /* EaterCouponsView.swift in Sources */ = {isa = PBXBuildFile; fileRef = FA3BBBB1CCAD7533FEADF234 /* EaterCouponsView.swift */; };
		8072E57F1662904991DA5D58 /* MenuManagementView.swift in Sources */ = {isa = PBXBuildFile; fileRef = F589DD0CE275C92E7A5F1EAC /* MenuManagementView.swift */; };
		8587587BDEEA84E58FE9A4BA /* SectionHeader.swift in Sources */ = {isa = PBXBuildFile; fileRef = 3557CB3C906F85B7250017DA /* SectionHeader.swift */; };
		86EC9BF5223A4F852549B938 /* ReviewListView.swift in Sources */ = {isa = PBXBuildFile; fileRef = F21D727E3D4BFD4632B9C9C3 /* ReviewListView.swift */; };
		87BB76DDC5F6B19982E214C3 /* DependencyContainer.swift in Sources */ = {isa = PBXBuildFile; fileRef = 5E5A9E0C9B325AF3642AF4F9 /* DependencyContainer.swift */; };
		8CDF176AE088683DC449A62B /* AppState.swift in Sources */ = {isa = PBXBuildFile; fileRef = 4D06A756B6E0CBC099CC6B4D /* AppState.swift */; };
		90C534F71221DE0C605C95C3 /* WriteReviewView.swift in Sources */ = {isa = PBXBuildFile; fileRef = C6B6BB619CE1122695FF79A3 /* WriteReviewView.swift */; };
		96FB990A6DDE6196D11641C6 /* Coupon.swift in Sources */ = {isa = PBXBuildFile; fileRef = 6CD2486F6AAC8E5A2F579094 /* Coupon.swift */; };
		9A49405EA2B873429877CDDF /* TruckMapDetailSheet.swift in Sources */ = {isa = PBXBuildFile; fileRef = 028F37E9DAC5BED7FDD71414 /* TruckMapDetailSheet.swift */; };
		9C39CBCEDBDFB99614453740 /* TruckOwnerTabView.swift in Sources */ = {isa = PBXBuildFile; fileRef = 79DFA5573D024B5004EEAC38 /* TruckOwnerTabView.swift */; };
		A122CC2266D99B1B1B3FB07F /* AdPackage.swift in Sources */ = {isa = PBXBuildFile; fileRef = 5255DBE165C758F05242BB7F /* AdPackage.swift */; };
		A2EE2E38FCADCEA9CFBBA443 /* MapExploreView.swift in Sources */ = {isa = PBXBuildFile; fileRef = 973CDD782141A44F93D9115B /* MapExploreView.swift */; };
		A3460A3F036DAA6A9C4B5CE4 /* Coordinate.swift in Sources */ = {isa = PBXBuildFile; fileRef = F96E41AD9D3A231010F91DB4 /* Coordinate.swift */; };
		A69B42A16A1A4F43695F21A5 /* UserRole.swift in Sources */ = {isa = PBXBuildFile; fileRef = 7A4355EDB9D7751946D964F6 /* UserRole.swift */; };
		A7A0E8229649A0FF8E5823E9 /* Constants.swift in Sources */ = {isa = PBXBuildFile; fileRef = BC732522FB31CB126EB56874 /* Constants.swift */; };
		A97B89094C3ED6D44839977F /* SignUpView.swift in Sources */ = {isa = PBXBuildFile; fileRef = A87E01C27778D7C3A4147258 /* SignUpView.swift */; };
		A992B3485E6E837319D64B9A /* TruckAnnotationView.swift in Sources */ = {isa = PBXBuildFile; fileRef = 37306413301925573EAF3C11 /* TruckAnnotationView.swift */; };
		AC04F0110666169CD3D24B1D /* SocialLinks.swift in Sources */ = {isa = PBXBuildFile; fileRef = 41BE5A49728E861945A545AE /* SocialLinks.swift */; };
		B75AEA9436D449DEAF040A6B /* RollUpApp.swift in Sources */ = {isa = PBXBuildFile; fileRef = 161DFF88233696FCD5DB58E0 /* RollUpApp.swift */; };
		B9EE39AFBB16D4FDF8DCA251 /* SearchBarView.swift in Sources */ = {isa = PBXBuildFile; fileRef = 61653D2D7D8262E3439632C4 /* SearchBarView.swift */; };
		C3466DE4E26AEF792668A1EB /* LoadingView.swift in Sources */ = {isa = PBXBuildFile; fileRef = 661CA9EFFAB3E6F28F6F8369 /* LoadingView.swift */; };
		C6158103C234F0D605C6C863 /* RootView.swift in Sources */ = {isa = PBXBuildFile; fileRef = F2D23B808D9E5460DED27405 /* RootView.swift */; };
		C7B59B32A6665730995981BA /* MenuItemEditorView.swift in Sources */ = {isa = PBXBuildFile; fileRef = 808B728A80A28FC87158DFEB /* MenuItemEditorView.swift */; };
		CF43469357DA751960C43EEB /* FoodTruck.swift in Sources */ = {isa = PBXBuildFile; fileRef = 755F4AD4F6D754D6CF9B2FF8 /* FoodTruck.swift */; };
		D6316D2B9BD068AE88B66CAB /* User.swift in Sources */ = {isa = PBXBuildFile; fileRef = 8E19E55733BACB0D313EB80C /* User.swift */; };
		E41ED4D32FE9ED69906C1CE8 /* CuisineFilterView.swift in Sources */ = {isa = PBXBuildFile; fileRef = 37FFD40616006F406A4D1897 /* CuisineFilterView.swift */; };
		E53955F97DED82DA28C06005 /* CardModifier.swift in Sources */ = {isa = PBXBuildFile; fileRef = 710C436518AA5B0B73570F2C /* CardModifier.swift */; };
		E7023E7DB924235030877301 /* CouponEditorView.swift in Sources */ = {isa = PBXBuildFile; fileRef = 053E9E0CB90965E8D99B1815 /* CouponEditorView.swift */; };
		EDE4BD1E7908957321927580 /* CouponManagementView.swift in Sources */ = {isa = PBXBuildFile; fileRef = 6B48A13A9161D7801A22410E /* CouponManagementView.swift */; };
		EF8AC87B70BFCCCC7DCE4F83 /* AdPackagesView.swift in Sources */ = {isa = PBXBuildFile; fileRef = 1F4E782AEAA3538C712AD835 /* AdPackagesView.swift */; };
		F413EF2797833A0EC3C6C35C /* OwnerProfileView.swift in Sources */ = {isa = PBXBuildFile; fileRef = CFB8DA85C9F77F9A158A6907 /* OwnerProfileView.swift */; };
		F837A3D81B1D61912802E0E2 /* EditTruckProfileView.swift in Sources */ = {isa = PBXBuildFile; fileRef = 786CB8BC65456A2DDA3759E1 /* EditTruckProfileView.swift */; };
		FBE6EDE74E1665D57E093641 /* ExploreView.swift in Sources */ = {isa = PBXBuildFile; fileRef = C6CF3D16AF596BFC0B2EB1F4 /* ExploreView.swift */; };
		FD6AA23AD42E9DCA82CDE3D4 /* Color+Brand.swift in Sources */ = {isa = PBXBuildFile; fileRef = D5C6DF701AD87BB391F4514E /* Color+Brand.swift */; };
/* End PBXBuildFile section */

/* Begin PBXFileReference section */
		028F37E9DAC5BED7FDD71414 /* TruckMapDetailSheet.swift */ = {isa = PBXFileReference; lastKnownFileType = sourcecode.swift; path = TruckMapDetailSheet.swift; sourceTree = "<group>"; };
		053E9E0CB90965E8D99B1815 /* CouponEditorView.swift */ = {isa = PBXFileReference; lastKnownFileType = sourcecode.swift; path = CouponEditorView.swift; sourceTree = "<group>"; };
		05AACF5D8EFF49470341B2AC /* EaterTabView.swift */ = {isa = PBXFileReference; lastKnownFileType = sourcecode.swift; path = EaterTabView.swift; sourceTree = "<group>"; };
		161DFF88233696FCD5DB58E0 /* RollUpApp.swift */ = {isa = PBXFileReference; lastKnownFileType = sourcecode.swift; path = RollUpApp.swift; sourceTree = "<group>"; };
		174BC83D87359B4E38017AF3 /* EaterProfileView.swift */ = {isa = PBXFileReference; lastKnownFileType = sourcecode.swift; path = EaterProfileView.swift; sourceTree = "<group>"; };
		19D84ABF71A75BAE8712295D /* CouponsSectionView.swift */ = {isa = PBXFileReference; lastKnownFileType = sourcecode.swift; path = CouponsSectionView.swift; sourceTree = "<group>"; };
		1D8D9A5E2F780E8400428737 /* APIError.swift */ = {isa = PBXFileReference; lastKnownFileType = sourcecode.swift; path = APIError.swift; sourceTree = "<group>"; };
		1D8D9A602F780E9900428737 /* APIEndpoints.swift */ = {isa = PBXFileReference; lastKnownFileType = sourcecode.swift; path = APIEndpoints.swift; sourceTree = "<group>"; };
		1D8D9A622F780EA000428737 /* APIModels.swift */ = {isa = PBXFileReference; lastKnownFileType = sourcecode.swift; path = APIModels.swift; sourceTree = "<group>"; };
		1D8D9A642F780EAD00428737 /* APIClient.swift */ = {isa = PBXFileReference; lastKnownFileType = sourcecode.swift; path = APIClient.swift; sourceTree = "<group>"; };
		1D8D9A662F780EB700428737 /* AuthService.swift */ = {isa = PBXFileReference; lastKnownFileType = sourcecode.swift; path = AuthService.swift; sourceTree = "<group>"; };
		1D8D9A682F780EBC00428737 /* UserService.swift */ = {isa = PBXFileReference; lastKnownFileType = sourcecode.swift; path = UserService.swift; sourceTree = "<group>"; };
		1D8D9A6A2F780EC500428737 /* TruckService.swift */ = {isa = PBXFileReference; lastKnownFileType = sourcecode.swift; path = TruckService.swift; sourceTree = "<group>"; };
		1D8D9A6C2F780ED300428737 /* ReviewService.swift */ = {isa = PBXFileReference; lastKnownFileType = sourcecode.swift; path = ReviewService.swift; sourceTree = "<group>"; };
		1D8D9A6E2F780ED900428737 /* FavoriteService.swift */ = {isa = PBXFileReference; lastKnownFileType = sourcecode.swift; path = FavoriteService.swift; sourceTree = "<group>"; };
		1D8D9A702F780EFA00428737 /* BackendUsageExampleView.swift */ = {isa = PBXFileReference; lastKnownFileType = sourcecode.swift; path = BackendUsageExampleView.swift; sourceTree = "<group>"; };
		1D8D9A722F780F2200428737 /* BACKEND_README.md */ = {isa = PBXFileReference; lastKnownFileType = net.daringfireball.markdown; path = BACKEND_README.md; sourceTree = "<group>"; };
		1D8D9A742F780F2A00428737 /* APIConfiguration.swift */ = {isa = PBXFileReference; lastKnownFileType = sourcecode.swift; path = APIConfiguration.swift; sourceTree = "<group>"; };
		1D8D9A762F780F5A00428737 /* BACKEND_SUMMARY.md */ = {isa = PBXFileReference; lastKnownFileType = net.daringfireball.markdown; path = BACKEND_SUMMARY.md; sourceTree = "<group>"; };
		1D8D9A782F780F7500428737 /* MockAPIClient.swift */ = {isa = PBXFileReference; lastKnownFileType = sourcecode.swift; path = MockAPIClient.swift; sourceTree = "<group>"; };
		1D8D9A7A2F780F9500428737 /* ARCHITECTURE.md */ = {isa = PBXFileReference; lastKnownFileType = net.daringfireball.markdown; path = ARCHITECTURE.md; sourceTree = "<group>"; };
		1D8D9A7C2F780FA400428737 /* NetworkMonitor.swift */ = {isa = PBXFileReference; lastKnownFileType = sourcecode.swift; path = NetworkMonitor.swift; sourceTree = "<group>"; };
		1D8D9A7E2F780FCA00428737 /* BACKEND_CHECKLIST.md */ = {isa = PBXFileReference; lastKnownFileType = net.daringfireball.markdown; path = BACKEND_CHECKLIST.md; sourceTree = "<group>"; };
		1F4E782AEAA3538C712AD835 /* AdPackagesView.swift */ = {isa = PBXFileReference; lastKnownFileType = sourcecode.swift; path = AdPackagesView.swift; sourceTree = "<group>"; };
		28CF0A10448B71E1A8FC5DCB /* BadgeView.swift */ = {isa = PBXFileReference; lastKnownFileType = sourcecode.swift; path = BadgeView.swift; sourceTree = "<group>"; };
		3557CB3C906F85B7250017DA /* SectionHeader.swift */ = {isa = PBXFileReference; lastKnownFileType = sourcecode.swift; path = SectionHeader.swift; sourceTree = "<group>"; };
		37306413301925573EAF3C11 /* TruckAnnotationView.swift */ = {isa = PBXFileReference; lastKnownFileType = sourcecode.swift; path = TruckAnnotationView.swift; sourceTree = "<group>"; };
		37E98F54956BB7D9CA5D6EA4 /* MenuSectionView.swift */ = {isa = PBXFileReference; lastKnownFileType = sourcecode.swift; path = MenuSectionView.swift; sourceTree = "<group>"; };
		37FFD40616006F406A4D1897 /* CuisineFilterView.swift */ = {isa = PBXFileReference; lastKnownFileType = sourcecode.swift; path = CuisineFilterView.swift; sourceTree = "<group>"; };
		41BE5A49728E861945A545AE /* SocialLinks.swift */ = {isa = PBXFileReference; lastKnownFileType = sourcecode.swift; path = SocialLinks.swift; sourceTree = "<group>"; };
		4CECE7F3DA525331F5277C2F /* OwnerDashboardView.swift */ = {isa = PBXFileReference; lastKnownFileType = sourcecode.swift; path = OwnerDashboardView.swift; sourceTree = "<group>"; };
		4D06A756B6E0CBC099CC6B4D /* AppState.swift */ = {isa = PBXFileReference; lastKnownFileType = sourcecode.swift; path = AppState.swift; sourceTree = "<group>"; };
		5255DBE165C758F05242BB7F /* AdPackage.swift */ = {isa = PBXFileReference; lastKnownFileType = sourcecode.swift; path = AdPackage.swift; sourceTree = "<group>"; };
		55E65CEA86A82110A676D76D /* SubscriptionTier.swift */ = {isa = PBXFileReference; lastKnownFileType = sourcecode.swift; path = SubscriptionTier.swift; sourceTree = "<group>"; };
		5E5A9E0C9B325AF3642AF4F9 /* DependencyContainer.swift */ = {isa = PBXFileReference; lastKnownFileType = sourcecode.swift; path = DependencyContainer.swift; sourceTree = "<group>"; };
		61653D2D7D8262E3439632C4 /* SearchBarView.swift */ = {isa = PBXFileReference; lastKnownFileType = sourcecode.swift; path = SearchBarView.swift; sourceTree = "<group>"; };
		661CA9EFFAB3E6F28F6F8369 /* LoadingView.swift */ = {isa = PBXFileReference; lastKnownFileType = sourcecode.swift; path = LoadingView.swift; sourceTree = "<group>"; };
		6B48A13A9161D7801A22410E /* CouponManagementView.swift */ = {isa = PBXFileReference; lastKnownFileType = sourcecode.swift; path = CouponManagementView.swift; sourceTree = "<group>"; };
		6CD2486F6AAC8E5A2F579094 /* Coupon.swift */ = {isa = PBXFileReference; lastKnownFileType = sourcecode.swift; path = Coupon.swift; sourceTree = "<group>"; };
		710C436518AA5B0B73570F2C /* CardModifier.swift */ = {isa = PBXFileReference; lastKnownFileType = sourcecode.swift; path = CardModifier.swift; sourceTree = "<group>"; };
		738EE1B44B38DE88B8F24A83 /* LocationPinView.swift */ = {isa = PBXFileReference; lastKnownFileType = sourcecode.swift; path = LocationPinView.swift; sourceTree = "<group>"; };
		755F4AD4F6D754D6CF9B2FF8 /* FoodTruck.swift */ = {isa = PBXFileReference; lastKnownFileType = sourcecode.swift; path = FoodTruck.swift; sourceTree = "<group>"; };
		786CB8BC65456A2DDA3759E1 /* EditTruckProfileView.swift */ = {isa = PBXFileReference; lastKnownFileType = sourcecode.swift; path = EditTruckProfileView.swift; sourceTree = "<group>"; };
		79DFA5573D024B5004EEAC38 /* TruckOwnerTabView.swift */ = {isa = PBXFileReference; lastKnownFileType = sourcecode.swift; path = TruckOwnerTabView.swift; sourceTree = "<group>"; };
		7A4355EDB9D7751946D964F6 /* UserRole.swift */ = {isa = PBXFileReference; lastKnownFileType = sourcecode.swift; path = UserRole.swift; sourceTree = "<group>"; };
		808B728A80A28FC87158DFEB /* MenuItemEditorView.swift */ = {isa = PBXFileReference; lastKnownFileType = sourcecode.swift; path = MenuItemEditorView.swift; sourceTree = "<group>"; };
		81918909E83595C8F4212CCC /* RollUp.app */ = {isa = PBXFileReference; explicitFileType = wrapper.application; includeInIndex = 0; path = RollUp.app; sourceTree = BUILT_PRODUCTS_DIR; };
		86304720524620573895448B /* TruckCardView.swift */ = {isa = PBXFileReference; lastKnownFileType = sourcecode.swift; path = TruckCardView.swift; sourceTree = "<group>"; };
		8ADD863B2053383EB8F75950 /* CuisineType.swift */ = {isa = PBXFileReference; lastKnownFileType = sourcecode.swift; path = CuisineType.swift; sourceTree = "<group>"; };
		8E19E55733BACB0D313EB80C /* User.swift */ = {isa = PBXFileReference; lastKnownFileType = sourcecode.swift; path = User.swift; sourceTree = "<group>"; };
		973CDD782141A44F93D9115B /* MapExploreView.swift */ = {isa = PBXFileReference; lastKnownFileType = sourcecode.swift; path = MapExploreView.swift; sourceTree = "<group>"; };
		9A00B48B6774C5A9FDD063F2 /* SampleData.swift */ = {isa = PBXFileReference; lastKnownFileType = sourcecode.swift; path = SampleData.swift; sourceTree = "<group>"; };
		9B23FCE576F6B2454112D5A1 /* SocialLinksView.swift */ = {isa = PBXFileReference; lastKnownFileType = sourcecode.swift; path = SocialLinksView.swift; sourceTree = "<group>"; };
		A87E01C27778D7C3A4147258 /* SignUpView.swift */ = {isa = PBXFileReference; lastKnownFileType = sourcecode.swift; path = SignUpView.swift; sourceTree = "<group>"; };
		B1A6ACFA2A91F1ADC66B3470 /* AuthGateView.swift */ = {isa = PBXFileReference; lastKnownFileType = sourcecode.swift; path = AuthGateView.swift; sourceTree = "<group>"; };
		BA746F7EB2161AF6BDE8F040 /* SubscriptionView.swift */ = {isa = PBXFileReference; lastKnownFileType = sourcecode.swift; path = SubscriptionView.swift; sourceTree = "<group>"; };
		BAD5D72CA9BB29A2FFDDF0C9 /* LoginView.swift */ = {isa = PBXFileReference; lastKnownFileType = sourcecode.swift; path = LoginView.swift; sourceTree = "<group>"; };
		BC732522FB31CB126EB56874 /* Constants.swift */ = {isa = PBXFileReference; lastKnownFileType = sourcecode.swift; path = Constants.swift; sourceTree = "<group>"; };
		C6B6BB619CE1122695FF79A3 /* WriteReviewView.swift */ = {isa = PBXFileReference; lastKnownFileType = sourcecode.swift; path = WriteReviewView.swift; sourceTree = "<group>"; };
		C6CF3D16AF596BFC0B2EB1F4 /* ExploreView.swift */ = {isa = PBXFileReference; lastKnownFileType = sourcecode.swift; path = ExploreView.swift; sourceTree = "<group>"; };
		CFB8DA85C9F77F9A158A6907 /* OwnerProfileView.swift */ = {isa = PBXFileReference; lastKnownFileType = sourcecode.swift; path = OwnerProfileView.swift; sourceTree = "<group>"; };
		D251FCDBE5E30D2EF675818C /* TruckMiniMapView.swift */ = {isa = PBXFileReference; lastKnownFileType = sourcecode.swift; path = TruckMiniMapView.swift; sourceTree = "<group>"; };
		D5C6DF701AD87BB391F4514E /* Color+Brand.swift */ = {isa = PBXFileReference; lastKnownFileType = sourcecode.swift; path = "Color+Brand.swift"; sourceTree = "<group>"; };
		DC758820178A878420C0CECC /* TruckDetailView.swift */ = {isa = PBXFileReference; lastKnownFileType = sourcecode.swift; path = TruckDetailView.swift; sourceTree = "<group>"; };
		E156058CC4DA348BB21DE043 /* RatingStarsView.swift */ = {isa = PBXFileReference; lastKnownFileType = sourcecode.swift; path = RatingStarsView.swift; sourceTree = "<group>"; };
		E3A6B38BB2317227C18DD04A /* RoleSelectionView.swift */ = {isa = PBXFileReference; lastKnownFileType = sourcecode.swift; path = RoleSelectionView.swift; sourceTree = "<group>"; };
		EA3DB4E1CF15A797342445A2 /* DirectionsButton.swift */ = {isa = PBXFileReference; lastKnownFileType = sourcecode.swift; path = DirectionsButton.swift; sourceTree = "<group>"; };
		EA7B9FCA3D566187D08A9BF6 /* Review.swift */ = {isa = PBXFileReference; lastKnownFileType = sourcecode.swift; path = Review.swift; sourceTree = "<group>"; };
		F21D727E3D4BFD4632B9C9C3 /* ReviewListView.swift */ = {isa = PBXFileReference; lastKnownFileType = sourcecode.swift; path = ReviewListView.swift; sourceTree = "<group>"; };
		F2D23B808D9E5460DED27405 /* RootView.swift */ = {isa = PBXFileReference; lastKnownFileType = sourcecode.swift; path = RootView.swift; sourceTree = "<group>"; };
		F589DD0CE275C92E7A5F1EAC /* MenuManagementView.swift */ = {isa = PBXFileReference; lastKnownFileType = sourcecode.swift; path = MenuManagementView.swift; sourceTree = "<group>"; };
		F86BDF5D63013D2CA786190C /* MenuItem.swift */ = {isa = PBXFileReference; lastKnownFileType = sourcecode.swift; path = MenuItem.swift; sourceTree = "<group>"; };
		F96E41AD9D3A231010F91DB4 /* Coordinate.swift */ = {isa = PBXFileReference; lastKnownFileType = sourcecode.swift; path = Coordinate.swift; sourceTree = "<group>"; };
		FA3BBBB1CCAD7533FEADF234 /* EaterCouponsView.swift */ = {isa = PBXFileReference; lastKnownFileType = sourcecode.swift; path = EaterCouponsView.swift; sourceTree = "<group>"; };
/* End PBXFileReference section */

/* Begin PBXFrameworksBuildPhase section */
		6BC9136C2E1B992EF374A2EA /* Frameworks */ = {
			isa = PBXFrameworksBuildPhase;
			buildActionMask = 2147483647;
			files = (
			);
			runOnlyForDeploymentPostprocessing = 0;
		};
/* End PBXFrameworksBuildPhase section */

/* Begin PBXGroup section */
		0168D1815DCB884503FE719F /* Views */ = {
			isa = PBXGroup;
			children = (
				B1A6ACFA2A91F1ADC66B3470 /* AuthGateView.swift */,
				BAD5D72CA9BB29A2FFDDF0C9 /* LoginView.swift */,
				E3A6B38BB2317227C18DD04A /* RoleSelectionView.swift */,
				A87E01C27778D7C3A4147258 /* SignUpView.swift */,
			);
			path = Views;
			sourceTree = "<group>";
		};
		018039327983A35916933114 /* Views */ = {
			isa = PBXGroup;
			children = (
				FA3BBBB1CCAD7533FEADF234 /* EaterCouponsView.swift */,
			);
			path = Views;
			sourceTree = "<group>";
		};
		0698F6E500E60CD54AE5B5F1 /* Views */ = {
			isa = PBXGroup;
			children = (
				973CDD782141A44F93D9115B /* MapExploreView.swift */,
				37306413301925573EAF3C11 /* TruckAnnotationView.swift */,
				028F37E9DAC5BED7FDD71414 /* TruckMapDetailSheet.swift */,
			);
			path = Views;
			sourceTree = "<group>";
		};
		09CCFDB1482E39D842A40568 /* MenuManagement */ = {
			isa = PBXGroup;
			children = (
				222AFC55CEA59C6C596A7BEE /* Views */,
			);
			path = MenuManagement;
			sourceTree = "<group>";
		};
		1141A4F332A73238EBB9EA40 /* Shared */ = {
			isa = PBXGroup;
			children = (
				660FCFD2CAE2059653584FB7 /* Modifiers */,
				C0C5D9CB6358A9184B2DB07B /* Views */,
			);
			path = Shared;
			sourceTree = "<group>";
		};
		1AD00F352866C80970A4FD1D /* Views */ = {
			isa = PBXGroup;
			children = (
				786CB8BC65456A2DDA3759E1 /* EditTruckProfileView.swift */,
			);
			path = Views;
			sourceTree = "<group>";
		};
		1BADDC1D73C1A20F347483E1 /* Products */ = {
			isa = PBXGroup;
			children = (
				81918909E83595C8F4212CCC /* RollUp.app */,
			);
			name = Products;
			sourceTree = "<group>";
		};
		1F2D8BCB9D90C5C22DBD54F9 /* Views */ = {
			isa = PBXGroup;
			children = (
				4CECE7F3DA525331F5277C2F /* OwnerDashboardView.swift */,
			);
			path = Views;
			sourceTree = "<group>";
		};
		222AFC55CEA59C6C596A7BEE /* Views */ = {
			isa = PBXGroup;
			children = (
				808B728A80A28FC87158DFEB /* MenuItemEditorView.swift */,
				F589DD0CE275C92E7A5F1EAC /* MenuManagementView.swift */,
			);
			path = Views;
			sourceTree = "<group>";
		};
		236A74A7F5D8C193FE04AD25 /* App */ = {
			isa = PBXGroup;
			children = (
				4D06A756B6E0CBC099CC6B4D /* AppState.swift */,
				BC732522FB31CB126EB56874 /* Constants.swift */,
				5E5A9E0C9B325AF3642AF4F9 /* DependencyContainer.swift */,
				F2D23B808D9E5460DED27405 /* RootView.swift */,
				1D8D9A5E2F780E8400428737 /* APIError.swift */,
				1D8D9A602F780E9900428737 /* APIEndpoints.swift */,
				1D8D9A622F780EA000428737 /* APIModels.swift */,
				1D8D9A642F780EAD00428737 /* APIClient.swift */,
				1D8D9A662F780EB700428737 /* AuthService.swift */,
				1D8D9A682F780EBC00428737 /* UserService.swift */,
				1D8D9A6A2F780EC500428737 /* TruckService.swift */,
				1D8D9A6C2F780ED300428737 /* ReviewService.swift */,
				1D8D9A6E2F780ED900428737 /* FavoriteService.swift */,
				1D8D9A702F780EFA00428737 /* BackendUsageExampleView.swift */,
				1D8D9A722F780F2200428737 /* BACKEND_README.md */,
				1D8D9A742F780F2A00428737 /* APIConfiguration.swift */,
				1D8D9A762F780F5A00428737 /* BACKEND_SUMMARY.md */,
				1D8D9A782F780F7500428737 /* MockAPIClient.swift */,
				1D8D9A7A2F780F9500428737 /* ARCHITECTURE.md */,
				1D8D9A7C2F780FA400428737 /* NetworkMonitor.swift */,
				1D8D9A7E2F780FCA00428737 /* BACKEND_CHECKLIST.md */,
			);
			path = App;
			sourceTree = "<group>";
		};
		30DAE248462B17E9CF9569C2 /* Advertising */ = {
			isa = PBXGroup;
			children = (
				D3BD093A05DA71ABC869C05B /* Views */,
			);
			path = Advertising;
			sourceTree = "<group>";
		};
		42DAD4C23139FD5278FA9A68 /* Views */ = {
			isa = PBXGroup;
			children = (
				738EE1B44B38DE88B8F24A83 /* LocationPinView.swift */,
			);
			path = Views;
			sourceTree = "<group>";
		};
		483603E4FBDAE8A6F5B35641 /* TruckOwner */ = {
			isa = PBXGroup;
			children = (
				30DAE248462B17E9CF9569C2 /* Advertising */,
				99EB6737F23DDEC08F304460 /* CouponManagement */,
				C07B9F98DB6DD1882FBF50E9 /* Dashboard */,
				82C82A63E5A22DB2EF68F891 /* Location */,
				09CCFDB1482E39D842A40568 /* MenuManagement */,
				558B18B7F4A19BCEFF191B24 /* OwnerProfile */,
				F2CDEADCE142157EC93354E2 /* Subscription */,
				812D07BB889C201F9772D2C6 /* TruckOwnerTab */,
				67B53CB7FA6D279728C8D20D /* TruckProfile */,
			);
			path = TruckOwner;
			sourceTree = "<group>";
		};
		4E2C70B46FC10BC900929721 /* Mock */ = {
			isa = PBXGroup;
			children = (
				9A00B48B6774C5A9FDD063F2 /* SampleData.swift */,
			);
			path = Mock;
			sourceTree = "<group>";
		};
		558B18B7F4A19BCEFF191B24 /* OwnerProfile */ = {
			isa = PBXGroup;
			children = (
				E02CFEC26D33E0C037AA9268 /* Views */,
			);
			path = OwnerProfile;
			sourceTree = "<group>";
		};
		572BD794938501D54788C137 /* Views */ = {
			isa = PBXGroup;
			children = (
				174BC83D87359B4E38017AF3 /* EaterProfileView.swift */,
			);
			path = Views;
			sourceTree = "<group>";
		};
		584A108908028059124B00F8 /* Views */ = {
			isa = PBXGroup;
			children = (
				053E9E0CB90965E8D99B1815 /* CouponEditorView.swift */,
				6B48A13A9161D7801A22410E /* CouponManagementView.swift */,
			);
			path = Views;
			sourceTree = "<group>";
		};
		660FCFD2CAE2059653584FB7 /* Modifiers */ = {
			isa = PBXGroup;
			children = (
				710C436518AA5B0B73570F2C /* CardModifier.swift */,
			);
			path = Modifiers;
			sourceTree = "<group>";
		};
		67B53CB7FA6D279728C8D20D /* TruckProfile */ = {
			isa = PBXGroup;
			children = (
				1AD00F352866C80970A4FD1D /* Views */,
			);
			path = TruckProfile;
			sourceTree = "<group>";
		};
		6D31312F093443BD3801C61F /* Views */ = {
			isa = PBXGroup;
			children = (
				37FFD40616006F406A4D1897 /* CuisineFilterView.swift */,
				C6CF3D16AF596BFC0B2EB1F4 /* ExploreView.swift */,
				86304720524620573895448B /* TruckCardView.swift */,
			);
			path = Views;
			sourceTree = "<group>";
		};
		6D9952045106569B67B193E9 /* Map */ = {
			isa = PBXGroup;
			children = (
				0698F6E500E60CD54AE5B5F1 /* Views */,
			);
			path = Map;
			sourceTree = "<group>";
		};
		77686E73B3743C63FDBEE755 /* Models */ = {
			isa = PBXGroup;
			children = (
				5255DBE165C758F05242BB7F /* AdPackage.swift */,
				F96E41AD9D3A231010F91DB4 /* Coordinate.swift */,
				6CD2486F6AAC8E5A2F579094 /* Coupon.swift */,
				8ADD863B2053383EB8F75950 /* CuisineType.swift */,
				755F4AD4F6D754D6CF9B2FF8 /* FoodTruck.swift */,
				F86BDF5D63013D2CA786190C /* MenuItem.swift */,
				EA7B9FCA3D566187D08A9BF6 /* Review.swift */,
				41BE5A49728E861945A545AE /* SocialLinks.swift */,
				55E65CEA86A82110A676D76D /* SubscriptionTier.swift */,
				8E19E55733BACB0D313EB80C /* User.swift */,
				7A4355EDB9D7751946D964F6 /* UserRole.swift */,
			);
			path = Models;
			sourceTree = "<group>";
		};
		7FF9BE7DDE386BEA8B3C3435 /* Views */ = {
			isa = PBXGroup;
			children = (
				19D84ABF71A75BAE8712295D /* CouponsSectionView.swift */,
				EA3DB4E1CF15A797342445A2 /* DirectionsButton.swift */,
				37E98F54956BB7D9CA5D6EA4 /* MenuSectionView.swift */,
				F21D727E3D4BFD4632B9C9C3 /* ReviewListView.swift */,
				9B23FCE576F6B2454112D5A1 /* SocialLinksView.swift */,
				DC758820178A878420C0CECC /* TruckDetailView.swift */,
				D251FCDBE5E30D2EF675818C /* TruckMiniMapView.swift */,
				C6B6BB619CE1122695FF79A3 /* WriteReviewView.swift */,
			);
			path = Views;
			sourceTree = "<group>";
		};
		812D07BB889C201F9772D2C6 /* TruckOwnerTab */ = {
			isa = PBXGroup;
			children = (
				79DFA5573D024B5004EEAC38 /* TruckOwnerTabView.swift */,
			);
			path = TruckOwnerTab;
			sourceTree = "<group>";
		};
		82C82A63E5A22DB2EF68F891 /* Location */ = {
			isa = PBXGroup;
			children = (
				42DAD4C23139FD5278FA9A68 /* Views */,
			);
			path = Location;
			sourceTree = "<group>";
		};
		84E6CB8F5A28D962E69F083F /* Profile */ = {
			isa = PBXGroup;
			children = (
				572BD794938501D54788C137 /* Views */,
			);
			path = Profile;
			sourceTree = "<group>";
		};
		8D3FC6DB5D0827F168A73277 = {
			isa = PBXGroup;
			children = (
				D847A24C9F6B9789DA51F424 /* RollUp */,
				1BADDC1D73C1A20F347483E1 /* Products */,
			);
			sourceTree = "<group>";
		};
		99EB6737F23DDEC08F304460 /* CouponManagement */ = {
			isa = PBXGroup;
			children = (
				584A108908028059124B00F8 /* Views */,
			);
			path = CouponManagement;
			sourceTree = "<group>";
		};
		9BC761E8C88FF34DA3DBC6F4 /* Features */ = {
			isa = PBXGroup;
			children = (
				E4CED5E5FA4F364047E98CD3 /* Auth */,
				C44ADEE1423B38C08017421E /* Eater */,
				1141A4F332A73238EBB9EA40 /* Shared */,
				483603E4FBDAE8A6F5B35641 /* TruckOwner */,
			);
			path = Features;
			sourceTree = "<group>";
		};
		C07B9F98DB6DD1882FBF50E9 /* Dashboard */ = {
			isa = PBXGroup;
			children = (
				1F2D8BCB9D90C5C22DBD54F9 /* Views */,
			);
			path = Dashboard;
			sourceTree = "<group>";
		};
		C0C5D9CB6358A9184B2DB07B /* Views */ = {
			isa = PBXGroup;
			children = (
				28CF0A10448B71E1A8FC5DCB /* BadgeView.swift */,
				661CA9EFFAB3E6F28F6F8369 /* LoadingView.swift */,
				E156058CC4DA348BB21DE043 /* RatingStarsView.swift */,
				61653D2D7D8262E3439632C4 /* SearchBarView.swift */,
				3557CB3C906F85B7250017DA /* SectionHeader.swift */,
			);
			path = Views;
			sourceTree = "<group>";
		};
		C250FD9B4C8234E44AA960AE /* Services */ = {
			isa = PBXGroup;
			children = (
				4E2C70B46FC10BC900929721 /* Mock */,
			);
			path = Services;
			sourceTree = "<group>";
		};
		C44ADEE1423B38C08017421E /* Eater */ = {
			isa = PBXGroup;
			children = (
				E438727B392BFECD94A0542A /* Coupons */,
				D48EF6EB93988960B7B14D6E /* EaterTab */,
				D1883F5A68E49786B3D027F7 /* Explore */,
				6D9952045106569B67B193E9 /* Map */,
				84E6CB8F5A28D962E69F083F /* Profile */,
				F549A2E90F1C5C199D2D84C0 /* TruckDetail */,
			);
			path = Eater;
			sourceTree = "<group>";
		};
		D1883F5A68E49786B3D027F7 /* Explore */ = {
			isa = PBXGroup;
			children = (
				6D31312F093443BD3801C61F /* Views */,
			);
			path = Explore;
			sourceTree = "<group>";
		};
		D3BD093A05DA71ABC869C05B /* Views */ = {
			isa = PBXGroup;
			children = (
				1F4E782AEAA3538C712AD835 /* AdPackagesView.swift */,
			);
			path = Views;
			sourceTree = "<group>";
		};
		D48EF6EB93988960B7B14D6E /* EaterTab */ = {
			isa = PBXGroup;
			children = (
				05AACF5D8EFF49470341B2AC /* EaterTabView.swift */,
			);
			path = EaterTab;
			sourceTree = "<group>";
		};
		D57FB620F1763DF88FDAEF97 /* Views */ = {
			isa = PBXGroup;
			children = (
				BA746F7EB2161AF6BDE8F040 /* SubscriptionView.swift */,
			);
			path = Views;
			sourceTree = "<group>";
		};
		D7652E63CE8B31AF5CD3CFB7 /* Extensions */ = {
			isa = PBXGroup;
			children = (
				D5C6DF701AD87BB391F4514E /* Color+Brand.swift */,
			);
			path = Extensions;
			sourceTree = "<group>";
		};
		D847A24C9F6B9789DA51F424 /* RollUp */ = {
			isa = PBXGroup;
			children = (
				236A74A7F5D8C193FE04AD25 /* App */,
				D7652E63CE8B31AF5CD3CFB7 /* Extensions */,
				9BC761E8C88FF34DA3DBC6F4 /* Features */,
				77686E73B3743C63FDBEE755 /* Models */,
				C250FD9B4C8234E44AA960AE /* Services */,
				161DFF88233696FCD5DB58E0 /* RollUpApp.swift */,
			);
			path = RollUp;
			sourceTree = "<group>";
		};
		E02CFEC26D33E0C037AA9268 /* Views */ = {
			isa = PBXGroup;
			children = (
				CFB8DA85C9F77F9A158A6907 /* OwnerProfileView.swift */,
			);
			path = Views;
			sourceTree = "<group>";
		};
		E438727B392BFECD94A0542A /* Coupons */ = {
			isa = PBXGroup;
			children = (
				018039327983A35916933114 /* Views */,
			);
			path = Coupons;
			sourceTree = "<group>";
		};
		E4CED5E5FA4F364047E98CD3 /* Auth */ = {
			isa = PBXGroup;
			children = (
				0168D1815DCB884503FE719F /* Views */,
			);
			path = Auth;
			sourceTree = "<group>";
		};
		F2CDEADCE142157EC93354E2 /* Subscription */ = {
			isa = PBXGroup;
			children = (
				D57FB620F1763DF88FDAEF97 /* Views */,
			);
			path = Subscription;
			sourceTree = "<group>";
		};
		F549A2E90F1C5C199D2D84C0 /* TruckDetail */ = {
			isa = PBXGroup;
			children = (
				7FF9BE7DDE386BEA8B3C3435 /* Views */,
			);
			path = TruckDetail;
			sourceTree = "<group>";
		};
/* End PBXGroup section */

/* Begin PBXNativeTarget section */
		42AEFBAE01D2DFD981F7DA7D /* RollUp */ = {
			isa = PBXNativeTarget;
			buildConfigurationList = A7C6E64428DA77CEE8323E5C /* Build configuration list for PBXNativeTarget "RollUp" */;
			buildPhases = (
				F680599402C0D80E245DE801 /* Sources */,
				6BC9136C2E1B992EF374A2EA /* Frameworks */,
				781C774F390DF12CD292A30B /* Resources */,
			);
			buildRules = (
			);
			dependencies = (
			);
			name = RollUp;
			productName = RollUp;
			productReference = 81918909E83595C8F4212CCC /* RollUp.app */;
			productType = "com.apple.product-type.application";
		};
/* End PBXNativeTarget section */

/* Begin PBXProject section */
		46F86FAA6BBF9AC94A7E4595 /* Project object */ = {
			isa = PBXProject;
			attributes = {
				BuildIndependentTargetsInParallel = 1;
				LastSwiftUpdateCheck = 1540;
				LastUpgradeCheck = 2630;
			};
			buildConfigurationList = ADD3EDE971004D3249A2A24C /* Build configuration list for PBXProject "RollUp" */;
			compatibilityVersion = "Xcode 14.0";
			developmentRegion = en;
			hasScannedForEncodings = 0;
			knownRegions = (
				en,
				Base,
			);
			mainGroup = 8D3FC6DB5D0827F168A73277;
			productRefGroup = 1BADDC1D73C1A20F347483E1 /* Products */;
			projectDirPath = "";
			projectRoot = "";
			targets = (
				42AEFBAE01D2DFD981F7DA7D /* RollUp */,
			);
		};
/* End PBXProject section */

/* Begin PBXResourcesBuildPhase section */
		781C774F390DF12CD292A30B /* Resources */ = {
			isa = PBXResourcesBuildPhase;
			buildActionMask = 2147483647;
			files = (
				1D8D9A7F2F780FCA00428737 /* BACKEND_CHECKLIST.md in Resources */,
				1D8D9A772F780F5A00428737 /* BACKEND_SUMMARY.md in Resources */,
				1D8D9A732F780F2200428737 /* BACKEND_README.md in Resources */,
				1D8D9A7B2F780F9500428737 /* ARCHITECTURE.md in Resources */,
			);
			runOnlyForDeploymentPostprocessing = 0;
		};
/* End PBXResourcesBuildPhase section */

/* Begin PBXSourcesBuildPhase section */
		F680599402C0D80E245DE801 /* Sources */ = {
			isa = PBXSourcesBuildPhase;
			buildActionMask = 2147483647;
			files = (
				8CDF176AE088683DC449A62B /* AppState.swift in Sources */,
				A7A0E8229649A0FF8E5823E9 /* Constants.swift in Sources */,
				1D8D9A712F780EFA00428737 /* BackendUsageExampleView.swift in Sources */,
				87BB76DDC5F6B19982E214C3 /* DependencyContainer.swift in Sources */,
				C6158103C234F0D605C6C863 /* RootView.swift in Sources */,
				1D8D9A6F2F780ED900428737 /* FavoriteService.swift in Sources */,
				1D8D9A752F780F2A00428737 /* APIConfiguration.swift in Sources */,
				FD6AA23AD42E9DCA82CDE3D4 /* Color+Brand.swift in Sources */,
				792AFA92F080658FE50C5486 /* AuthGateView.swift in Sources */,
				6A728C1A2588AAE4120E6E25 /* LoginView.swift in Sources */,
				714DF16097E047FBEE612181 /* RoleSelectionView.swift in Sources */,
				1D8D9A5F2F780E8400428737 /* APIError.swift in Sources */,
				A97B89094C3ED6D44839977F /* SignUpView.swift in Sources */,
				7BADA8AE94AEBC21BEE3731F /* EaterCouponsView.swift in Sources */,
				44331293851BFADA1CFFA70C /* EaterTabView.swift in Sources */,
				E41ED4D32FE9ED69906C1CE8 /* CuisineFilterView.swift in Sources */,
				FBE6EDE74E1665D57E093641 /* ExploreView.swift in Sources */,
				593774835164998CBAC33C8F /* TruckCardView.swift in Sources */,
				A2EE2E38FCADCEA9CFBBA443 /* MapExploreView.swift in Sources */,
				A992B3485E6E837319D64B9A /* TruckAnnotationView.swift in Sources */,
				9A49405EA2B873429877CDDF /* TruckMapDetailSheet.swift in Sources */,
				020839FA5B7135A6BEA508F9 /* EaterProfileView.swift in Sources */,
				1D8D9A7D2F780FA400428737 /* NetworkMonitor.swift in Sources */,
				4C2AACFE0CA4BB682C7487B2 /* CouponsSectionView.swift in Sources */,
				2FF433190ECD7D6198AAFC21 /* DirectionsButton.swift in Sources */,
				51A76665C05031D5D53C8855 /* MenuSectionView.swift in Sources */,
				86EC9BF5223A4F852549B938 /* ReviewListView.swift in Sources */,
				1D8D9A652F780EAD00428737 /* APIClient.swift in Sources */,
				2669841342330A7BD42FCF95 /* SocialLinksView.swift in Sources */,
				401ED86A620AB66AB9D85F30 /* TruckDetailView.swift in Sources */,
				3976BF311BB357ABE4A88BD7 /* TruckMiniMapView.swift in Sources */,
				90C534F71221DE0C605C95C3 /* WriteReviewView.swift in Sources */,
				E53955F97DED82DA28C06005 /* CardModifier.swift in Sources */,
				4888A618F8E9BEC78EA6F407 /* BadgeView.swift in Sources */,
				C3466DE4E26AEF792668A1EB /* LoadingView.swift in Sources */,
				6BB887AD06568CCAC60F320A /* RatingStarsView.swift in Sources */,
				1D8D9A672F780EB700428737 /* AuthService.swift in Sources */,
				B9EE39AFBB16D4FDF8DCA251 /* SearchBarView.swift in Sources */,
				8587587BDEEA84E58FE9A4BA /* SectionHeader.swift in Sources */,
				EF8AC87B70BFCCCC7DCE4F83 /* AdPackagesView.swift in Sources */,
				E7023E7DB924235030877301 /* CouponEditorView.swift in Sources */,
				EDE4BD1E7908957321927580 /* CouponManagementView.swift in Sources */,
				1D8D9A6B2F780EC500428737 /* TruckService.swift in Sources */,
				3C70559279F2A788A5CC0568 /* OwnerDashboardView.swift in Sources */,
				01924984A06D4575DB88D910 /* LocationPinView.swift in Sources */,
				C7B59B32A6665730995981BA /* MenuItemEditorView.swift in Sources */,
				8072E57F1662904991DA5D58 /* MenuManagementView.swift in Sources */,
				F413EF2797833A0EC3C6C35C /* OwnerProfileView.swift in Sources */,
				191EDB8ABC57B3107A4FD5FA /* SubscriptionView.swift in Sources */,
				1D8D9A692F780EBC00428737 /* UserService.swift in Sources */,
				9C39CBCEDBDFB99614453740 /* TruckOwnerTabView.swift in Sources */,
				F837A3D81B1D61912802E0E2 /* EditTruckProfileView.swift in Sources */,
				A122CC2266D99B1B1B3FB07F /* AdPackage.swift in Sources */,
				1D8D9A6D2F780ED300428737 /* ReviewService.swift in Sources */,
				1D8D9A792F780F7500428737 /* MockAPIClient.swift in Sources */,
				A3460A3F036DAA6A9C4B5CE4 /* Coordinate.swift in Sources */,
				96FB990A6DDE6196D11641C6 /* Coupon.swift in Sources */,
				32D06D2A055EA71ED5FD69B4 /* CuisineType.swift in Sources */,
				CF43469357DA751960C43EEB /* FoodTruck.swift in Sources */,
				1D8D9A612F780E9900428737 /* APIEndpoints.swift in Sources */,
				034FECABAC7FAC210EA7ED9E /* MenuItem.swift in Sources */,
				5643EC2AACCB5DC922B78E10 /* Review.swift in Sources */,
				AC04F0110666169CD3D24B1D /* SocialLinks.swift in Sources */,
				03D1C17D6CF141004ACC6369 /* SubscriptionTier.swift in Sources */,
				D6316D2B9BD068AE88B66CAB /* User.swift in Sources */,
				A69B42A16A1A4F43695F21A5 /* UserRole.swift in Sources */,
				B75AEA9436D449DEAF040A6B /* RollUpApp.swift in Sources */,
				61AB36B9502C020ADF308CD6 /* SampleData.swift in Sources */,
				1D8D9A632F780EA000428737 /* APIModels.swift in Sources */,
			);
			runOnlyForDeploymentPostprocessing = 0;
		};
/* End PBXSourcesBuildPhase section */

/* Begin XCBuildConfiguration section */
		47D53771281D97E3FA007F14 /* Release */ = {
			isa = XCBuildConfiguration;
			buildSettings = {
				ASSETCATALOG_COMPILER_APPICON_NAME = AppIcon;
				ASSETCATALOG_COMPILER_GLOBAL_ACCENT_COLOR_NAME = AccentColor;
				CODE_SIGN_IDENTITY = "Apple Development";
				CODE_SIGN_STYLE = Automatic;
				CURRENT_PROJECT_VERSION = 1;
				DEVELOPMENT_TEAM = 8RTVRKY7LR;
				GENERATE_INFOPLIST_FILE = YES;
				INFOPLIST_KEY_CFBundleDisplayName = RollUp;
				INFOPLIST_KEY_LSApplicationCategoryType = "public.app-category.food-and-drink";
				INFOPLIST_KEY_NSLocationWhenInUseUsageDescription = "RollUp needs your location to find food trucks near you.";
				INFOPLIST_KEY_UIApplicationSceneManifest_Generation = YES;
				INFOPLIST_KEY_UIApplicationSupportsIndirectInputEvents = YES;
				INFOPLIST_KEY_UILaunchScreen_Generation = YES;
				INFOPLIST_KEY_UISupportedInterfaceOrientations = UIInterfaceOrientationPortrait;
				INFOPLIST_KEY_UISupportedInterfaceOrientations_iPad = "UIInterfaceOrientationLandscapeLeft UIInterfaceOrientationLandscapeRight UIInterfaceOrientationPortrait UIInterfaceOrientationPortraitUpsideDown";
				LD_RUNPATH_SEARCH_PATHS = (
					"$(inherited)",
					"@executable_path/Frameworks",
				);
				MARKETING_VERSION = 1.0;
				PRODUCT_BUNDLE_IDENTIFIER = com.joerbailey.rollup;
				PRODUCT_NAME = "$(TARGET_NAME)";
				PROVISIONING_PROFILE_SPECIFIER = "";
				SWIFT_EMIT_LOC_STRINGS = YES;
				SWIFT_VERSION = 5.0;
				TARGETED_DEVICE_FAMILY = "1,2";
			};
			name = Release;
		};
		59233E4D684FB5A1A72525B8 /* Debug */ = {
			isa = XCBuildConfiguration;
			buildSettings = {
				ALWAYS_SEARCH_USER_PATHS = NO;
				ASCL_COMPILER_FLAGS = "-D DEBUG";
				CLANG_ANALYZER_NONNULL = YES;
				CLANG_CXX_LANGUAGE_STANDARD = "gnu++20";
				CLANG_ENABLE_MODULES = YES;
				CLANG_ENABLE_OBJC_ARC = YES;
				CLANG_WARN_BLOCK_CAPTURE_AUTORELEASING = YES;
				CLANG_WARN_BOOL_CONVERSION = YES;
				CLANG_WARN_COMMA = YES;
				CLANG_WARN_CONSTANT_CONVERSION = YES;
				CLANG_WARN_DEPRECATED_OBJC_IMPLEMENTATIONS = YES;
				CLANG_WARN_EMPTY_BODY = YES;
				CLANG_WARN_ENUM_CONVERSION = YES;
				CLANG_WARN_INFINITE_RECURSION = YES;
				CLANG_WARN_INT_CONVERSION = YES;
				CLANG_WARN_NON_LITERAL_NULL_CONVERSION = YES;
				CLANG_WARN_OBJC_IMPLICIT_RETAIN_SELF = YES;
				CLANG_WARN_OBJC_LITERAL_CONVERSION = YES;
				CLANG_WARN_QUOTED_INCLUDE_IN_FRAMEWORK_HEADER = YES;
				CLANG_WARN_RANGE_LOOP_ANALYSIS = YES;
				CLANG_WARN_STRICT_PROTOTYPES = YES;
				CLANG_WARN_SUSPICIOUS_MOVE = YES;
				CLANG_WARN_UNREACHABLE_CODE = YES;
				CLANG_WARN__DUPLICATE_METHOD_MATCH = YES;
				COPY_PHASE_STRIP = NO;
				DEBUG_INFORMATION_FORMAT = dwarf;
				DEVELOPMENT_TEAM = 8RTVRKY7LR;
				ENABLE_STRICT_OBJC_MSGSEND = YES;
				ENABLE_TESTABILITY = YES;
				ENABLE_USER_SCRIPT_SANDBOXING = YES;
				GCC_DYNAMIC_NO_PIC = NO;
				GCC_NO_COMMON_BLOCKS = YES;
				GCC_OPTIMIZATION_LEVEL = 0;
				GCC_PREPROCESSOR_DEFINITIONS = (
					"DEBUG=1",
					"$(inherited)",
				);
				GCC_WARN_64_TO_32_BIT_CONVERSION = YES;
				GCC_WARN_ABOUT_RETURN_TYPE = YES_ERROR;
				GCC_WARN_UNDECLARED_SELECTOR = YES;
				GCC_WARN_UNINITIALIZED_AUTOS = YES_AGGRESSIVE;
				GCC_WARN_UNUSED_FUNCTION = YES;
				GCC_WARN_UNUSED_VARIABLE = YES;
				IPHONEOS_DEPLOYMENT_TARGET = 17.0;
				MTL_ENABLE_DEBUG_INFO = INCLUDE_SOURCE;
				ONLY_ACTIVE_ARCH = YES;
				SDKROOT = iphoneos;
				STRING_CATALOG_GENERATE_SYMBOLS = YES;
				SWIFT_ACTIVE_COMPILATION_CONDITIONS = "$(inherited) DEBUG";
				SWIFT_OPTIMIZATION_LEVEL = "-Onone";
			};
			name = Debug;
		};
		7BA3C016E0B5B57210B31A9D /* Debug */ = {
			isa = XCBuildConfiguration;
			buildSettings = {
				ASSETCATALOG_COMPILER_APPICON_NAME = AppIcon;
				ASSETCATALOG_COMPILER_GLOBAL_ACCENT_COLOR_NAME = AccentColor;
				CODE_SIGN_IDENTITY = "Apple Development";
				CODE_SIGN_STYLE = Automatic;
				CURRENT_PROJECT_VERSION = 1;
				DEVELOPMENT_TEAM = 8RTVRKY7LR;
				GENERATE_INFOPLIST_FILE = YES;
				INFOPLIST_KEY_CFBundleDisplayName = RollUp;
				INFOPLIST_KEY_LSApplicationCategoryType = "public.app-category.food-and-drink";
				INFOPLIST_KEY_NSLocationWhenInUseUsageDescription = "RollUp needs your location to find food trucks near you.";
				INFOPLIST_KEY_UIApplicationSceneManifest_Generation = YES;
				INFOPLIST_KEY_UIApplicationSupportsIndirectInputEvents = YES;
				INFOPLIST_KEY_UILaunchScreen_Generation = YES;
				INFOPLIST_KEY_UISupportedInterfaceOrientations = UIInterfaceOrientationPortrait;
				INFOPLIST_KEY_UISupportedInterfaceOrientations_iPad = "UIInterfaceOrientationLandscapeLeft UIInterfaceOrientationLandscapeRight UIInterfaceOrientationPortrait UIInterfaceOrientationPortraitUpsideDown";
				LD_RUNPATH_SEARCH_PATHS = (
					"$(inherited)",
					"@executable_path/Frameworks",
				);
				MARKETING_VERSION = 1.0;
				PRODUCT_BUNDLE_IDENTIFIER = com.joerbailey.rollup;
				PRODUCT_NAME = "$(TARGET_NAME)";
				PROVISIONING_PROFILE_SPECIFIER = "";
				SWIFT_EMIT_LOC_STRINGS = YES;
				SWIFT_VERSION = 5.0;
				TARGETED_DEVICE_FAMILY = "1,2";
			};
			name = Debug;
		};
		8D5ED1041709BB7FC1DE2B10 /* Release */ = {
			isa = XCBuildConfiguration;
			buildSettings = {
				ALWAYS_SEARCH_USER_PATHS = NO;
				CLANG_ANALYZER_NONNULL = YES;
				CLANG_CXX_LANGUAGE_STANDARD = "gnu++20";
				CLANG_ENABLE_MODULES = YES;
				CLANG_ENABLE_OBJC_ARC = YES;
				CLANG_WARN_BLOCK_CAPTURE_AUTORELEASING = YES;
				CLANG_WARN_BOOL_CONVERSION = YES;
				CLANG_WARN_COMMA = YES;
				CLANG_WARN_CONSTANT_CONVERSION = YES;
				CLANG_WARN_DEPRECATED_OBJC_IMPLEMENTATIONS = YES;
				CLANG_WARN_EMPTY_BODY = YES;
				CLANG_WARN_ENUM_CONVERSION = YES;
				CLANG_WARN_INFINITE_RECURSION = YES;
				CLANG_WARN_INT_CONVERSION = YES;
				CLANG_WARN_NON_LITERAL_NULL_CONVERSION = YES;
				CLANG_WARN_OBJC_IMPLICIT_RETAIN_SELF = YES;
				CLANG_WARN_OBJC_LITERAL_CONVERSION = YES;
				CLANG_WARN_QUOTED_INCLUDE_IN_FRAMEWORK_HEADER = YES;
				CLANG_WARN_RANGE_LOOP_ANALYSIS = YES;
				CLANG_WARN_STRICT_PROTOTYPES = YES;
				CLANG_WARN_SUSPICIOUS_MOVE = YES;
				CLANG_WARN_UNREACHABLE_CODE = YES;
				CLANG_WARN__DUPLICATE_METHOD_MATCH = YES;
				COPY_PHASE_STRIP = NO;
				DEBUG_INFORMATION_FORMAT = "dwarf-with-dsym";
				DEVELOPMENT_TEAM = 8RTVRKY7LR;
				ENABLE_NS_ASSERTIONS = NO;
				ENABLE_STRICT_OBJC_MSGSEND = YES;
				ENABLE_USER_SCRIPT_SANDBOXING = YES;
				GCC_NO_COMMON_BLOCKS = YES;
				GCC_WARN_64_TO_32_BIT_CONVERSION = YES;
				GCC_WARN_ABOUT_RETURN_TYPE = YES_ERROR;
				GCC_WARN_UNDECLARED_SELECTOR = YES;
				GCC_WARN_UNINITIALIZED_AUTOS = YES_AGGRESSIVE;
				GCC_WARN_UNUSED_FUNCTION = YES;
				GCC_WARN_UNUSED_VARIABLE = YES;
				IPHONEOS_DEPLOYMENT_TARGET = 17.0;
				MTL_ENABLE_DEBUG_INFO = NO;
				SDKROOT = iphoneos;
				STRING_CATALOG_GENERATE_SYMBOLS = YES;
				SWIFT_COMPILATION_MODE = wholemodule;
				VALIDATE_PRODUCT = YES;
			};
			name = Release;
		};
/* End XCBuildConfiguration section */

/* Begin XCConfigurationList section */
		A7C6E64428DA77CEE8323E5C /* Build configuration list for PBXNativeTarget "RollUp" */ = {
			isa = XCConfigurationList;
			buildConfigurations = (
				7BA3C016E0B5B57210B31A9D /* Debug */,
				47D53771281D97E3FA007F14 /* Release */,
			);
			defaultConfigurationIsVisible = 0;
			defaultConfigurationName = Release;
		};
		ADD3EDE971004D3249A2A24C /* Build configuration list for PBXProject "RollUp" */ = {
			isa = XCConfigurationList;
			buildConfigurations = (
				59233E4D684FB5A1A72525B8 /* Debug */,
				8D5ED1041709BB7FC1DE2B10 /* Release */,
			);
			defaultConfigurationIsVisible = 0;
			defaultConfigurationName = Release;
		};
/* End XCConfigurationList section */
	};
	rootObject = 46F86FAA6BBF9AC94A7E4595 /* Project object */;
}
